
Microsoft Visual Studio Solution File, Format Version 12.00
# Visual Studio Version 17
VisualStudioVersion = 17.5.002.0
MinimumVisualStudioVersion = 10.0.40219.1
Project("{9A19103F-16F7-4668-BE54-9A1E7A4F7556}") = "Exo.WebApi", "Exo.WebApi.csproj", "{D69A51BC-ED8A-468A-B4FF-890C89D693CD}"
EndProject
Global
	GlobalSection(SolutionConfigurationPlatforms) = preSolution
		Debug|Any CPU = Debug|Any CPU
		Release|Any CPU = Release|Any CPU
	EndGlobalSection
	GlobalSection(ProjectConfigurationPlatforms) = postSolution
		{D69A51BC-ED8A-468A-B4FF-890C89D693CD}.Debug|Any CPU.ActiveCfg = Debug|Any CPU
		{D69A51BC-ED8A-468A-B4FF-890C89D693CD}.Debug|Any CPU.Build.0 = Debug|Any CPU
		{D69A51BC-ED8A-468A-B4FF-890C89D693CD}.Release|Any CPU.ActiveCfg = Release|Any CPU
		{D69A51BC-ED8A-468A-B4FF-890C89D693CD}.Release|Any CPU.Build.0 = Release|Any CPU
	EndGlobalSection
	GlobalSection(SolutionProperties) = preSolution
		HideSolutionNode = FALSE
	EndGlobalSection
	GlobalSection(ExtensibilityGlobals) = postSolution
		SolutionGuid = {5B8C20AF-522D-4C2E-A37F-58E7179F958A}
	EndGlobalSection
EndGlobal
